
Microsoft Visual Studio Solution File, Format Version 12.00
# Visual Studio 15
VisualStudioVersion = 15.0.27703.2026
MinimumVisualStudioVersion = 10.0.40219.1
Project("{FAE04EC0-301F-11D3-BF4B-00C04F79EFBC}") = "POEditor", "POEditor\POEditor.csproj", "{CF34AA83-2C9D-487D-970F-E4508C6A6A82}"
EndProject
Project("{FAE04EC0-301F-11D3-BF4B-00C04F79EFBC}") = "StiffLibrary", "..\StiffLibrary\StiffLibrary\StiffLibrary.csproj", "{8F286B65-5384-4CC8-9F26-54F1BB88E07E}"
EndProject
Global
	GlobalSection(SolutionConfigurationPlatforms) = preSolution
		Debug|Any CPU = Debug|Any CPU
		Release|Any CPU = Release|Any CPU
	EndGlobalSection
	GlobalSection(ProjectConfigurationPlatforms) = postSolution
		{CF34AA83-2C9D-487D-970F-E4508C6A6A82}.Debug|Any CPU.ActiveCfg = Debug|Any CPU
		{CF34AA83-2C9D-487D-970F-E4508C6A6A82}.Debug|Any CPU.Build.0 = Debug|Any CPU
		{CF34AA83-2C9D-487D-970F-E4508C6A6A82}.Release|Any CPU.ActiveCfg = Release|Any CPU
		{CF34AA83-2C9D-487D-970F-E4508C6A6A82}.Release|Any CPU.Build.0 = Release|Any CPU
		{8F286B65-5384-4CC8-9F26-54F1BB88E07E}.Debug|Any CPU.ActiveCfg = Debug|Any CPU
		{8F286B65-5384-4CC8-9F26-54F1BB88E07E}.Debug|Any CPU.Build.0 = Debug|Any CPU
		{8F286B65-5384-4CC8-9F26-54F1BB88E07E}.Release|Any CPU.ActiveCfg = Release|Any CPU
		{8F286B65-5384-4CC8-9F26-54F1BB88E07E}.Release|Any CPU.Build.0 = Release|Any CPU
	EndGlobalSection
	GlobalSection(SolutionProperties) = preSolution
		HideSolutionNode = FALSE
	EndGlobalSection
	GlobalSection(ExtensibilityGlobals) = postSolution
		SolutionGuid = {1E35D5FF-E8EB-4433-ABD2-D1548FF8BD82}
	EndGlobalSection
EndGlobal
